PODS:
  - CatalogByConvention (2.5.1)
  - IndefiniteObservable (4.0.0):
    - IndefiniteObservable/lib (= 4.0.0)
  - IndefiniteObservable/lib (4.0.0)
  - MaterialMotion (2.0.0):
    - IndefiniteObservable (~> 4.0)

DEPENDENCIES:
  - CatalogByConvention
  - MaterialMotion (from `./`)

SPEC REPOS:
  trunk:
    - CatalogByConvention
    - IndefiniteObservable

EXTERNAL SOURCES:
  MaterialMotion:
    :path: "./"

SPEC CHECKSUMS:
  CatalogByConvention: 2b58a9b64e5b1049abb5d3f8e764a551bbe843a7
  IndefiniteObservable: 1ee6af37efa8763a222cc6d414cd125e26ed9b6a
  MaterialMotion: a412b109cfe4ab7b1fd956409a5da9a3635d3dce

PODFILE CHECKSUM: 04070b6b0e30166a620e99ef4fe5ec69fd90cf85

COCOAPODS: 1.8.3
